
Microsoft Visual Studio Solution File, Format Version 12.00
# Visual Studio Version 17
VisualStudioVersion = 17.0.31710.8
MinimumVisualStudioVersion = 10.0.40219.1
Project("{9A19103F-16F7-4668-BE54-9A1E7A4F7556}") = "001HelloWorld", "LearnCSharp\001HelloWorld.csproj", "{64FFF084-6C0B-4F1F-BEEB-908475B75B68}"
EndProject
Project("{9A19103F-16F7-4668-BE54-9A1E7A4F7556}") = "002CriandoVariaveis", "002CriandoVariaveis\002CriandoVariaveis.csproj", "{5EE25FD5-6E2A-46CC-AEF2-90C72CB42B88}"
EndProject
Project("{FAE04EC0-301F-11D3-BF4B-00C04F79EFBC}") = "003Aritmetica", "003Aritmetica\003Aritmetica.csproj", "{4AC2C73C-EE6B-4C9E-858F-2C603BBF831E}"
EndProject
Global
	GlobalSection(SolutionConfigurationPlatforms) = preSolution
		Debug|Any CPU = Debug|Any CPU
		Release|Any CPU = Release|Any CPU
	EndGlobalSection
	GlobalSection(ProjectConfigurationPlatforms) = postSolution
		{64FFF084-6C0B-4F1F-BEEB-908475B75B68}.Debug|Any CPU.ActiveCfg = Debug|Any CPU
		{64FFF084-6C0B-4F1F-BEEB-908475B75B68}.Debug|Any CPU.Build.0 = Debug|Any CPU
		{64FFF084-6C0B-4F1F-BEEB-908475B75B68}.Release|Any CPU.ActiveCfg = Release|Any CPU
		{64FFF084-6C0B-4F1F-BEEB-908475B75B68}.Release|Any CPU.Build.0 = Release|Any CPU
		{5EE25FD5-6E2A-46CC-AEF2-90C72CB42B88}.Debug|Any CPU.ActiveCfg = Debug|Any CPU
		{5EE25FD5-6E2A-46CC-AEF2-90C72CB42B88}.Debug|Any CPU.Build.0 = Debug|Any CPU
		{5EE25FD5-6E2A-46CC-AEF2-90C72CB42B88}.Release|Any CPU.ActiveCfg = Release|Any CPU
		{5EE25FD5-6E2A-46CC-AEF2-90C72CB42B88}.Release|Any CPU.Build.0 = Release|Any CPU
		{4AC2C73C-EE6B-4C9E-858F-2C603BBF831E}.Debug|Any CPU.ActiveCfg = Debug|Any CPU
		{4AC2C73C-EE6B-4C9E-858F-2C603BBF831E}.Debug|Any CPU.Build.0 = Debug|Any CPU
		{4AC2C73C-EE6B-4C9E-858F-2C603BBF831E}.Release|Any CPU.ActiveCfg = Release|Any CPU
		{4AC2C73C-EE6B-4C9E-858F-2C603BBF831E}.Release|Any CPU.Build.0 = Release|Any CPU
	EndGlobalSection
	GlobalSection(SolutionProperties) = preSolution
		HideSolutionNode = FALSE
	EndGlobalSection
	GlobalSection(ExtensibilityGlobals) = postSolution
		SolutionGuid = {05A981A7-D650-4276-B54F-329137437DF2}
	EndGlobalSection
EndGlobal
